
Microsoft Visual Studio Solution File, Format Version 10.00
# Visual Studio 2008
Project("{FAE04EC0-301F-11D3-BF4B-00C04F79EFBC}") = "OperationTheater", "WindowsFormsApplication1\OperationTheater.csproj", "{5FBF2294-074D-4FAB-A2B6-1435DB2D4BBB}"
EndProject
Global
	GlobalSection(SolutionConfigurationPlatforms) = preSolution
		Debug|Any CPU = Debug|Any CPU
		Release|Any CPU = Release|Any CPU
	EndGlobalSection
	GlobalSection(ProjectConfigurationPlatforms) = postSolution
		{5FBF2294-074D-4FAB-A2B6-1435DB2D4BBB}.Debug|Any CPU.ActiveCfg = Debug|Any CPU
		{5FBF2294-074D-4FAB-A2B6-1435DB2D4BBB}.Debug|Any CPU.Build.0 = Debug|Any CPU
		{5FBF2294-074D-4FAB-A2B6-1435DB2D4BBB}.Release|Any CPU.ActiveCfg = Release|Any CPU
		{5FBF2294-074D-4FAB-A2B6-1435DB2D4BBB}.Release|Any CPU.Build.0 = Release|Any CPU
	EndGlobalSection
	GlobalSection(SolutionProperties) = preSolution
		HideSolutionNode = FALSE
	EndGlobalSection
EndGlobal
